{
  "name": "execrise5",
  "version": "0.0.1",
  "lockfileVersion": 1,
  "requires": true,
  "dependencies": {
    "karma": {
      "version": "4.0.1",
      "resolved": "http://registry.npm.taobao.org/karma/download/karma-4.0.1.tgz",
      "dev": true,
      "dependencies": {
        "bluebird": {
          "version": "http://registry.npm.taobao.org/bluebird/download/bluebird-3.5.3.tgz",
          "bundled": true
        },
        "body-parser": {
          "version": "http://registry.npm.taobao.org/body-parser/download/body-parser-1.18.3.tgz",
          "bundled": true,
          "dependencies": {
            "bytes": {
              "version": "http://registry.npm.taobao.org/bytes/download/bytes-3.0.0.tgz",
              "bundled": true
            },
            "content-type": {
              "version": "http://registry.npm.taobao.org/content-type/download/content-type-1.0.4.tgz",
              "bundled": true
            },
            "debug": {
              "version": "http://registry.npm.taobao.org/debug/download/debug-2.6.9.tgz",
              "bundled": true
            },
            "depd": {
              "version": "http://registry.npm.taobao.org/depd/download/depd-1.1.2.tgz",
              "bundled": true
            },
            "http-errors": {
              "version": "http://registry.npm.taobao.org/http-errors/download/http-errors-1.6.3.tgz",
              "bundled": true
            },
            "iconv-lite": {
              "version": "http://registry.npm.taobao.org/iconv-lite/download/iconv-lite-0.4.23.tgz",
              "bundled": true,
              "dependencies": {
                "safer-buffer": {
                  "version": "http://registry.npm.taobao.org/safer-buffer/download/safer-buffer-2.1.2.tgz"
                }
              }
            },
            "on-finished": {
              "version": "http://registry.npm.taobao.org/on-finished/download/on-finished-2.3.0.tgz",
              "bundled": true,
              "dependencies": {
                "ee-first": {
                  "version": "http://registry.npm.taobao.org/ee-first/download/ee-first-1.1.1.tgz"
                }
              }
            },
            "qs": {
              "version": "http://registry.npm.taobao.org/qs/download/qs-6.5.2.tgz",
              "bundled": true
            },
            "raw-body": {
              "version": "http://registry.npm.taobao.org/raw-body/download/raw-body-2.3.3.tgz",
              "bundled": true
            },
            "type-is": {
              "version": "http://registry.npm.taobao.org/type-is/download/type-is-1.6.16.tgz",
              "bundled": true
            }
          }
        },
        "braces": {
          "version": "http://registry.npm.taobao.org/braces/download/braces-2.3.2.tgz",
          "bundled": true,
          "dependencies": {
            "arr-flatten": {
              "version": "http://registry.npm.taobao.org/arr-flatten/download/arr-flatten-1.1.0.tgz",
              "bundled": true
            },
            "array-unique": {
              "version": "http://registry.npm.taobao.org/array-unique/download/array-unique-0.3.2.tgz",
              "bundled": true
            },
            "extend-shallow": {
              "version": "http://registry.npm.taobao.org/extend-shallow/download/extend-shallow-2.0.1.tgz",
              "bundled": true,
              "dependencies": {
                "is-extendable": {
                  "version": "http://registry.npm.taobao.org/is-extendable/download/is-extendable-0.1.1.tgz"
                }
              }
            },
            "fill-range": {
              "version": "http://registry.npm.taobao.org/fill-range/download/fill-range-4.0.0.tgz",
              "bundled": true
            },
            "isobject": {
              "version": "http://registry.npm.taobao.org/isobject/download/isobject-3.0.1.tgz",
              "bundled": true
            },
            "repeat-element": {
              "version": "http://registry.npm.taobao.org/repeat-element/download/repeat-element-1.1.3.tgz",
              "bundled": true
            },
            "snapdragon": {
              "version": "http://registry.npm.taobao.org/snapdragon/download/snapdragon-0.8.2.tgz",
              "bundled": true
            },
            "snapdragon-node": {
              "version": "http://registry.npm.taobao.org/snapdragon-node/download/snapdragon-node-2.1.1.tgz",
              "bundled": true
            },
            "split-string": {
              "version": "http://registry.npm.taobao.org/split-string/download/split-string-3.1.0.tgz",
              "bundled": true,
              "dependencies": {
                "extend-shallow": {
                  "version": "http://registry.npm.taobao.org/extend-shallow/download/extend-shallow-3.0.2.tgz",
                  "dependencies": {
                    "assign-symbols": {
                      "version": "http://registry.npm.taobao.org/assign-symbols/download/assign-symbols-1.0.0.tgz",
                      "bundled": true
                    },
                    "is-extendable": {
                      "version": "http://registry.npm.taobao.org/is-extendable/download/is-extendable-1.0.1.tgz",
                      "bundled": true
                    }
                  }
                }
              }
            },
            "to-regex": {
              "version": "http://registry.npm.taobao.org/to-regex/download/to-regex-3.0.2.tgz",
              "bundled": true
            }
          }
        },
        "chokidar": {
          "version": "http://registry.npm.taobao.org/chokidar/download/chokidar-2.1.2.tgz",
          "bundled": true,
          "dependencies": {
            "anymatch": {
              "version": "http://registry.npm.taobao.org/anymatch/download/anymatch-2.0.0.tgz"
            },
            "async-each": {
              "version": "http://registry.npm.taobao.org/async-each/download/async-each-1.0.2.tgz"
            },
            "braces": {
              "version": "http://registry.npm.taobao.org/braces/download/braces-2.3.2.tgz",
              "dependencies": {
                "arr-flatten": {
                  "version": "http://registry.npm.taobao.org/arr-flatten/download/arr-flatten-1.1.0.tgz",
                  "bundled": true
                },
                "array-unique": {
                  "version": "http://registry.npm.taobao.org/array-unique/download/array-unique-0.3.2.tgz",
                  "bundled": true
                },
                "extend-shallow": {
                  "version": "http://registry.npm.taobao.org/extend-shallow/download/extend-shallow-2.0.1.tgz",
                  "bundled": true,
                  "dependencies": {}
                },
                "fill-range": {
                  "version": "http://registry.npm.taobao.org/fill-range/download/fill-range-4.0.0.tgz",
                  "bundled": true
                },
                "isobject": {
                  "version": "http://registry.npm.taobao.org/isobject/download/isobject-3.0.1.tgz",
                  "bundled": true
                },
                "repeat-element": {
                  "version": "http://registry.npm.taobao.org/repeat-element/download/repeat-element-1.1.3.tgz",
                  "bundled": true
                },
                "snapdragon": {
                  "version": "http://registry.npm.taobao.org/snapdragon/download/snapdragon-0.8.2.tgz",
                  "bundled": true
                },
                "snapdragon-node": {
                  "version": "http://registry.npm.taobao.org/snapdragon-node/download/snapdragon-node-2.1.1.tgz",
                  "bundled": true
                },
                "split-string": {
                  "version": "http://registry.npm.taobao.org/split-string/download/split-string-3.1.0.tgz",
                  "bundled": true,
                  "dependencies": {}
                },
                "to-regex": {
                  "version": "http://registry.npm.taobao.org/to-regex/download/to-regex-3.0.2.tgz",
                  "bundled": true
                }
              }
            },
            "glob-parent": {
              "version": "http://registry.npm.taobao.org/glob-parent/download/glob-parent-3.1.0.tgz"
            },
            "inherits": {
              "version": "http://registry.npm.taobao.org/inherits/download/inherits-2.0.3.tgz"
            },
            "is-binary-path": {
              "version": "http://registry.npm.taobao.org/is-binary-path/download/is-binary-path-1.0.1.tgz"
            },
            "is-glob": {
              "version": "http://registry.npm.taobao.org/is-glob/download/is-glob-4.0.0.tgz"
            },
            "normalize-path": {
              "version": "http://registry.npm.taobao.org/normalize-path/download/normalize-path-3.0.0.tgz"
            },
            "path-is-absolute": {
              "version": "http://registry.npm.taobao.org/path-is-absolute/download/path-is-absolute-1.0.1.tgz"
            },
            "readdirp": {
              "version": "http://registry.npm.taobao.org/readdirp/download/readdirp-2.2.1.tgz"
            },
            "upath": {
              "version": "http://registry.npm.taobao.org/upath/download/upath-1.1.2.tgz"
            }
          }
        },
        "colors": {
          "version": "http://registry.npm.taobao.org/colors/download/colors-1.3.3.tgz",
          "bundled": true
        },
        "connect": {
          "version": "http://registry.npm.taobao.org/connect/download/connect-3.6.6.tgz",
          "bundled": true
        },
        "core-js": {
          "version": "http://registry.npm.taobao.org/core-js/download/core-js-2.6.5.tgz",
          "bundled": true
        },
        "di": {
          "version": "http://registry.npm.taobao.org/di/download/di-0.0.1.tgz",
          "bundled": true
        },
        "dom-serialize": {
          "version": "http://registry.npm.taobao.org/dom-serialize/download/dom-serialize-2.2.1.tgz",
          "bundled": true
        },
        "flatted": {
          "version": "http://registry.npm.taobao.org/flatted/download/flatted-2.0.0.tgz",
          "bundled": true
        },
        "glob": {
          "version": "http://registry.npm.taobao.org/glob/download/glob-7.1.3.tgz",
          "bundled": true
        },
        "graceful-fs": {
          "version": "http://registry.npm.taobao.org/graceful-fs/download/graceful-fs-4.1.15.tgz",
          "bundled": true
        },
        "http-proxy": {
          "version": "http://registry.npm.taobao.org/http-proxy/download/http-proxy-1.17.0.tgz",
          "bundled": true
        },
        "isbinaryfile": {
          "version": "http://registry.npm.taobao.org/isbinaryfile/download/isbinaryfile-3.0.3.tgz",
          "bundled": true
        },
        "lodash": {
          "version": "http://registry.npm.taobao.org/lodash/download/lodash-4.17.11.tgz?cache=0&other_urls=http%3A%2F%2Fregistry.npm.taobao.org%2Flodash%2Fdownload%2Flodash-4.17.11.tgz",
          "bundled": true
        },
        "log4js": {
          "version": "http://registry.npm.taobao.org/log4js/download/log4js-4.0.2.tgz",
          "bundled": true
        },
        "mime": {
          "version": "http://registry.npm.taobao.org/mime/download/mime-2.4.0.tgz",
          "bundled": true
        },
        "minimatch": {
          "version": "http://registry.npm.taobao.org/minimatch/download/minimatch-3.0.4.tgz",
          "bundled": true,
          "dependencies": {
            "brace-expansion": {
              "version": "http://registry.npm.taobao.org/brace-expansion/download/brace-expansion-1.1.11.tgz"
            }
          }
        },
        "optimist": {
          "version": "http://registry.npm.taobao.org/optimist/download/optimist-0.6.1.tgz",
          "bundled": true
        },
        "qjobs": {
          "version": "http://registry.npm.taobao.org/qjobs/download/qjobs-1.2.0.tgz",
          "bundled": true
        },
        "range-parser": {
          "version": "http://registry.npm.taobao.org/range-parser/download/range-parser-1.2.0.tgz",
          "bundled": true
        },
        "rimraf": {
          "version": "http://registry.npm.taobao.org/rimraf/download/rimraf-2.6.3.tgz",
          "bundled": true,
          "dependencies": {
            "glob": {
              "version": "http://registry.npm.taobao.org/glob/download/glob-7.1.3.tgz",
              "bundled": true,
              "dependencies": {
                "fs.realpath": {
                  "version": "http://registry.npm.taobao.org/fs.realpath/download/fs.realpath-1.0.0.tgz",
                  "bundled": true
                },
                "inflight": {
                  "version": "http://registry.npm.taobao.org/inflight/download/inflight-1.0.6.tgz",
                  "bundled": true
                },
                "inherits": {
                  "version": "http://registry.npm.taobao.org/inherits/download/inherits-2.0.3.tgz",
                  "bundled": true
                },
                "minimatch": {
                  "version": "http://registry.npm.taobao.org/minimatch/download/minimatch-3.0.4.tgz",
                  "bundled": true
                },
                "once": {
                  "version": "http://registry.npm.taobao.org/once/download/once-1.4.0.tgz",
                  "bundled": true,
                  "dependencies": {
                    "wrappy": {
                      "version": "http://registry.npm.taobao.org/wrappy/download/wrappy-1.0.2.tgz",
                      "bundled": true
                    }
                  }
                },
                "path-is-absolute": {
                  "version": "http://registry.npm.taobao.org/path-is-absolute/download/path-is-absolute-1.0.1.tgz",
                  "bundled": true
                }
              }
            }
          }
        },
        "safe-buffer": {
          "version": "http://registry.npm.taobao.org/safe-buffer/download/safe-buffer-5.1.2.tgz",
          "bundled": true
        },
        "socket.io": {
          "version": "http://registry.npm.taobao.org/socket.io/download/socket.io-2.1.1.tgz",
          "bundled": true
        },
        "source-map": {
          "version": "http://registry.npm.taobao.org/source-map/download/source-map-0.6.1.tgz",
          "bundled": true
        },
        "tmp": {
          "version": "http://registry.npm.taobao.org/tmp/download/tmp-0.0.33.tgz",
          "bundled": true
        },
        "useragent": {
          "version": "http://registry.npm.taobao.org/useragent/download/useragent-2.3.0.tgz",
          "bundled": true
        }
      }
    },
    "karma-mocha": {
      "version": "1.3.0",
      "resolved": "https://registry.npmjs.org/karma-mocha/-/karma-mocha-1.3.0.tgz",
      "integrity": "sha1-7qrH/8DiAetjxGdEDStpx883eL8=",
      "dev": true,
      "requires": {
        "minimist": "1.2.0"
      },
      "dependencies": {
        "minimist": {
          "version": "1.2.0",
          "resolved": "https://registry.npmjs.org/minimist/-/minimist-1.2.0.tgz",
          "integrity": "sha1-o1AIsg9BOD7sH7kU9M1d95omQoQ=",
          "dev": true
        }
      }
    }
  }
}
